// !$*UTF8*$!
{ archiveVersion = 1; classes = {}; objectVersion = 56; objects = {
FA8302E5E45541546D217CA2 = { isa = PBXFileReference; lastKnownFileType = sourcecode.swift; path = "App/AudioPlayback.swift"; sourceTree = "<group>"; };
E353CB24423C9F238D6BC8D4 = { isa = PBXBuildFile; fileRef = FA8302E5E45541546D217CA2; };
26B8EDF3C689A3364EC90056 = { isa = PBXFileReference; lastKnownFileType = sourcecode.swift; path = "App/Backend.swift"; sourceTree = "<group>"; };
B580C157B85A0E5512062683 = { isa = PBXBuildFile; fileRef = 26B8EDF3C689A3364EC90056; };
0CB48C683F81F7F10CB4E7ED = { isa = PBXFileReference; lastKnownFileType = sourcecode.swift; path = "App/ClipboardCopyReader.swift"; sourceTree = "<group>"; };
77ABCBCA140957418EEAFF19 = { isa = PBXBuildFile; fileRef = 0CB48C683F81F7F10CB4E7ED; };
EDEF29EB7515FC0F03B29AFF = { isa = PBXFileReference; lastKnownFileType = sourcecode.swift; path = "App/Diagnostics.swift"; sourceTree = "<group>"; };
F1C9EE6C1A33EDAE84CA2489 = { isa = PBXBuildFile; fileRef = EDEF29EB7515FC0F03B29AFF; };
EB75315A3FBE14B84FE628EE = { isa = PBXFileReference; lastKnownFileType = sourcecode.swift; path = "App/Extraction.swift"; sourceTree = "<group>"; };
21F414EA015575D8946AA4BD = { isa = PBXBuildFile; fileRef = EB75315A3FBE14B84FE628EE; };
56BFFD424410D945E787008B = { isa = PBXFileReference; lastKnownFileType = sourcecode.swift; path = "App/OpenReaderApp.swift"; sourceTree = "<group>"; };
1E2F118D40D92D7BF5A5FB3D = { isa = PBXBuildFile; fileRef = 56BFFD424410D945E787008B; };
9268A56CAD8FAD5D676D50AD = { isa = PBXFileReference; lastKnownFileType = sourcecode.swift; path = "App/PermissionSetupView.swift"; sourceTree = "<group>"; };
E7A3A8D4F1A002670E842F7A = { isa = PBXBuildFile; fileRef = 9268A56CAD8FAD5D676D50AD; };
E5FAF91A2886C05CC1F68E05 = { isa = PBXFileReference; lastKnownFileType = sourcecode.swift; path = "App/Preferences.swift"; sourceTree = "<group>"; };
671FD20A1A89AA55063E22A0 = { isa = PBXBuildFile; fileRef = E5FAF91A2886C05CC1F68E05; };
E217F57F03BEFBBD42CF8E4B = { isa = PBXFileReference; lastKnownFileType = sourcecode.swift; path = "App/ReaderModel.swift"; sourceTree = "<group>"; };
55C3DE04E9D86530EDCF9240 = { isa = PBXBuildFile; fileRef = E217F57F03BEFBBD42CF8E4B; };
E6AF64BB0175DCF7EEC769A5 = { isa = PBXFileReference; lastKnownFileType = sourcecode.swift; path = "App/RegionSelector.swift"; sourceTree = "<group>"; };
FDE70C3370A85C1743684202 = { isa = PBXBuildFile; fileRef = E6AF64BB0175DCF7EEC769A5; };
D750314F8A8A0283B1C32ACE = { isa = PBXFileReference; lastKnownFileType = sourcecode.swift; path = "App/SelectionCopyTarget.swift"; sourceTree = "<group>"; };
53BE1F3E87DC931F9BAD09EC = { isa = PBXBuildFile; fileRef = D750314F8A8A0283B1C32ACE; };
9C5852D09EA8EB3343F83660 = { isa = PBXFileReference; lastKnownFileType = sourcecode.swift; path = "App/Shortcuts.swift"; sourceTree = "<group>"; };
2588559533B2E1DBF41D91D7 = { isa = PBXBuildFile; fileRef = 9C5852D09EA8EB3343F83660; };
9FE9151A87FF2F02464D159B = { isa = PBXFileReference; lastKnownFileType = sourcecode.swift; path = "App/SourceSelection.swift"; sourceTree = "<group>"; };
0246939AC982B3851D53AF40 = { isa = PBXBuildFile; fileRef = 9FE9151A87FF2F02464D159B; };
13298D477C6F9E11F20F3F07 = { isa = PBXFileReference; lastKnownFileType = sourcecode.swift; path = "App/Views.swift"; sourceTree = "<group>"; };
CF7461E8181EFF50CA634B05 = { isa = PBXBuildFile; fileRef = 13298D477C6F9E11F20F3F07; };
ACBE821302DE68E16BAD96C8 = { isa = PBXFileReference; lastKnownFileType = sourcecode.swift; path = "App/WordHighlighter.swift"; sourceTree = "<group>"; };
DC0DB17CA06E7E2DC9D29314 = { isa = PBXBuildFile; fileRef = ACBE821302DE68E16BAD96C8; };
3909EAA52ED4E8387D4EB59E = { isa = PBXFileReference; lastKnownFileType = sourcecode.swift; path = "Core/Connection.swift"; sourceTree = "<group>"; };
BF59EE6D840E9714593F7B22 = { isa = PBXBuildFile; fileRef = 3909EAA52ED4E8387D4EB59E; };
28A60173D5778CFE7E77E5C6 = { isa = PBXFileReference; lastKnownFileType = sourcecode.swift; path = "Core/Layout.swift"; sourceTree = "<group>"; };
5E4791DF1FC85E61DC0ED501 = { isa = PBXBuildFile; fileRef = 28A60173D5778CFE7E77E5C6; };
4EF6FE46879361A82E5C19BE = { isa = PBXFileReference; lastKnownFileType = sourcecode.swift; path = "Core/ReadingCore.swift"; sourceTree = "<group>"; };
59CBB62E0AAF169F57292DC3 = { isa = PBXBuildFile; fileRef = 4EF6FE46879361A82E5C19BE; };
7C44A35335816D01DDCC6AF6 = { isa = PBXFileReference; lastKnownFileType = sourcecode.swift; path = "Core/SSHConfiguration.swift"; sourceTree = "<group>"; };
9991CCA42A3B7DD2F38A765E = { isa = PBXBuildFile; fileRef = 7C44A35335816D01DDCC6AF6; };
316569B6BC1573B8B0AFEBEA = { isa = PBXFileReference; lastKnownFileType = sourcecode.swift; path = "Core/SelectionFocusRecovery.swift"; sourceTree = "<group>"; };
3E13ECEBFBE0FA48D3ED011D = { isa = PBXBuildFile; fileRef = 316569B6BC1573B8B0AFEBEA; };
E93D59D5B0368677D40D9355 = { isa = PBXFileReference; lastKnownFileType = sourcecode.swift; path = "Core/SourceTextMap.swift"; sourceTree = "<group>"; };
E3C8E63080EFD652E002160B = { isa = PBXBuildFile; fileRef = E93D59D5B0368677D40D9355; };
42FFCC35C9FF625BB0DF7E08 = { isa = PBXFileReference; lastKnownFileType = sourcecode.swift; path = "Core/SpeechRouting.swift"; sourceTree = "<group>"; };
B344B9F2073A4854574A3EA0 = { isa = PBXBuildFile; fileRef = 42FFCC35C9FF625BB0DF7E08; };
FB19729576BE81B255E13B1E = { isa = PBXFileReference; lastKnownFileType = sourcecode.swift; path = "Core/WordTiming.swift"; sourceTree = "<group>"; };
22E07C29C0F05667A97891B4 = { isa = PBXBuildFile; fileRef = FB19729576BE81B255E13B1E; };
F8995BA5891B07E328C60D6B = { isa = PBXFileReference; lastKnownFileType = image.icns; path = Resources/OpenReader.icns; sourceTree = "<group>"; };
74C2431FE30C4A47C8443B80 = { isa = PBXBuildFile; fileRef = F8995BA5891B07E328C60D6B; };
23457129B871D690A3B4D86A = { isa = PBXFileReference; lastKnownFileType = text; path = LICENSE; sourceTree = "<group>"; };
77EA2F5C945E91FF03D20C23 = { isa = PBXBuildFile; fileRef = 23457129B871D690A3B4D86A; };
38A007151ABE87CC01A5B6E9 = { isa = PBXFileReference; explicitFileType = wrapper.application; path = "OpenReader Mac.app"; sourceTree = BUILT_PRODUCTS_DIR; };
B28B7AF69320201D1CF206EB = { isa = PBXGroup; children = (FA8302E5E45541546D217CA2,26B8EDF3C689A3364EC90056,0CB48C683F81F7F10CB4E7ED,EDEF29EB7515FC0F03B29AFF,EB75315A3FBE14B84FE628EE,56BFFD424410D945E787008B,9268A56CAD8FAD5D676D50AD,E5FAF91A2886C05CC1F68E05,E217F57F03BEFBBD42CF8E4B,E6AF64BB0175DCF7EEC769A5,D750314F8A8A0283B1C32ACE,9C5852D09EA8EB3343F83660,9FE9151A87FF2F02464D159B,13298D477C6F9E11F20F3F07,ACBE821302DE68E16BAD96C8,3909EAA52ED4E8387D4EB59E,28A60173D5778CFE7E77E5C6,4EF6FE46879361A82E5C19BE,7C44A35335816D01DDCC6AF6,316569B6BC1573B8B0AFEBEA,E93D59D5B0368677D40D9355,42FFCC35C9FF625BB0DF7E08,FB19729576BE81B255E13B1E,F8995BA5891B07E328C60D6B,23457129B871D690A3B4D86A,FBDC4F23F93125BBEEAE800C); sourceTree = "<group>"; };
FBDC4F23F93125BBEEAE800C = { isa = PBXGroup; children = (38A007151ABE87CC01A5B6E9); name = Products; sourceTree = "<group>"; };
BCE16DD0260827ECF338C787 = { isa = PBXSourcesBuildPhase; buildActionMask = 2147483647; files = (E353CB24423C9F238D6BC8D4,B580C157B85A0E5512062683,77ABCBCA140957418EEAFF19,F1C9EE6C1A33EDAE84CA2489,21F414EA015575D8946AA4BD,1E2F118D40D92D7BF5A5FB3D,E7A3A8D4F1A002670E842F7A,671FD20A1A89AA55063E22A0,55C3DE04E9D86530EDCF9240,FDE70C3370A85C1743684202,53BE1F3E87DC931F9BAD09EC,2588559533B2E1DBF41D91D7,0246939AC982B3851D53AF40,CF7461E8181EFF50CA634B05,DC0DB17CA06E7E2DC9D29314,BF59EE6D840E9714593F7B22,5E4791DF1FC85E61DC0ED501,59CBB62E0AAF169F57292DC3,9991CCA42A3B7DD2F38A765E,3E13ECEBFBE0FA48D3ED011D,E3C8E63080EFD652E002160B,B344B9F2073A4854574A3EA0,22E07C29C0F05667A97891B4); runOnlyForDeploymentPostprocessing = 0; };
7561BFB015D8F536760CB671 = { isa = PBXFrameworksBuildPhase; buildActionMask = 2147483647; files = (); runOnlyForDeploymentPostprocessing = 0; };
0189424A5A60FED329FA868E = { isa = PBXResourcesBuildPhase; buildActionMask = 2147483647; files = (74C2431FE30C4A47C8443B80,77EA2F5C945E91FF03D20C23); runOnlyForDeploymentPostprocessing = 0; };
89E1FD6268CC0F221A2BE178 = { isa = XCBuildConfiguration; buildSettings = {MACOSX_DEPLOYMENT_TARGET = 14.0; SDKROOT = macosx; SWIFT_VERSION = 5.0; CLANG_ENABLE_MODULES = YES; SWIFT_OPTIMIZATION_LEVEL = "-Onone"; DEBUG_INFORMATION_FORMAT = dwarf;}; name = Debug; };
E6DE6C99132752C914FEF632 = { isa = XCBuildConfiguration; buildSettings = {MACOSX_DEPLOYMENT_TARGET = 14.0; SDKROOT = macosx; SWIFT_VERSION = 5.0; CLANG_ENABLE_MODULES = YES; SWIFT_OPTIMIZATION_LEVEL = "-O"; DEBUG_INFORMATION_FORMAT = "dwarf-with-dsym"; DEPLOYMENT_POSTPROCESSING = YES; STRIP_INSTALLED_PRODUCT = YES; STRIP_STYLE = all;}; name = Release; };
862894B703A6DEDF96A9DD6C = { isa = XCConfigurationList; buildConfigurations = (89E1FD6268CC0F221A2BE178,E6DE6C99132752C914FEF632); defaultConfigurationIsVisible = 0; defaultConfigurationName = Release; };
7082CC0B6FC1282FCEABD07A = { isa = XCBuildConfiguration; buildSettings = {MACOSX_DEPLOYMENT_TARGET = 14.0; SDKROOT = macosx; SWIFT_VERSION = 5.0; CLANG_ENABLE_MODULES = YES; PRODUCT_NAME = "OpenReader Mac"; PRODUCT_BUNDLE_IDENTIFIER = gr.fazakis.OpenReaderMac; INFOPLIST_FILE = Resources/Info.plist; GENERATE_INFOPLIST_FILE = NO; CODE_SIGN_STYLE = Manual; CODE_SIGN_IDENTITY = "-"; ENABLE_HARDENED_RUNTIME = YES; ENABLE_APP_SANDBOX = NO; SWIFT_EMIT_LOC_STRINGS = YES; COMBINE_HIDPI_IMAGES = YES; SWIFT_OPTIMIZATION_LEVEL = "-Onone"; DEBUG_INFORMATION_FORMAT = dwarf;}; name = Debug; };
639A7CA24D39909E713B47F7 = { isa = XCBuildConfiguration; buildSettings = {MACOSX_DEPLOYMENT_TARGET = 14.0; SDKROOT = macosx; SWIFT_VERSION = 5.0; CLANG_ENABLE_MODULES = YES; PRODUCT_NAME = "OpenReader Mac"; PRODUCT_BUNDLE_IDENTIFIER = gr.fazakis.OpenReaderMac; INFOPLIST_FILE = Resources/Info.plist; GENERATE_INFOPLIST_FILE = NO; CODE_SIGN_STYLE = Manual; CODE_SIGN_IDENTITY = "-"; ENABLE_HARDENED_RUNTIME = YES; ENABLE_APP_SANDBOX = NO; SWIFT_EMIT_LOC_STRINGS = YES; COMBINE_HIDPI_IMAGES = YES; SWIFT_OPTIMIZATION_LEVEL = "-O"; DEBUG_INFORMATION_FORMAT = "dwarf-with-dsym"; DEPLOYMENT_POSTPROCESSING = YES; STRIP_INSTALLED_PRODUCT = YES; STRIP_STYLE = all;}; name = Release; };
C57128001CE614BF8549D6BB = { isa = XCConfigurationList; buildConfigurations = (7082CC0B6FC1282FCEABD07A,639A7CA24D39909E713B47F7); defaultConfigurationIsVisible = 0; defaultConfigurationName = Release; };
0E8A3AD980EC179856012B7E = { isa = PBXNativeTarget; buildConfigurationList = C57128001CE614BF8549D6BB; buildPhases = (BCE16DD0260827ECF338C787,7561BFB015D8F536760CB671,0189424A5A60FED329FA868E); buildRules = (); dependencies = (); name = OpenReaderMac; productName = "OpenReader Mac"; productReference = 38A007151ABE87CC01A5B6E9; productType = "com.apple.product-type.application"; };
98F54143AB4E86B28C3AFEE0 = { isa = PBXProject; attributes = { LastUpgradeCheck = 2620; }; buildConfigurationList = 862894B703A6DEDF96A9DD6C; compatibilityVersion = "Xcode 14.0"; developmentRegion = en; hasScannedForEncodings = 0; knownRegions = (en,Base); mainGroup = B28B7AF69320201D1CF206EB; productRefGroup = FBDC4F23F93125BBEEAE800C; projectDirPath = ""; projectRoot = ""; targets = (0E8A3AD980EC179856012B7E); };
}; rootObject = 98F54143AB4E86B28C3AFEE0; }
